
Microsoft Visual Studio Solution File, Format Version 12.00
# Visual Studio Version 17
VisualStudioVersion = 17.6.33815.320
MinimumVisualStudioVersion = 10.0.40219.1
Project("{FAE04EC0-301F-11D3-BF4B-00C04F79EFBC}") = "DersEtüt", "DersEtütü\DersEtüt.csproj", "{9A13D326-C20D-4D91-9511-FBAAF28AC864}"
EndProject
Global
	GlobalSection(SolutionConfigurationPlatforms) = preSolution
		Debug|Any CPU = Debug|Any CPU
		Release|Any CPU = Release|Any CPU
	EndGlobalSection
	GlobalSection(ProjectConfigurationPlatforms) = postSolution
		{9A13D326-C20D-4D91-9511-FBAAF28AC864}.Debug|Any CPU.ActiveCfg = Debug|Any CPU
		{9A13D326-C20D-4D91-9511-FBAAF28AC864}.Debug|Any CPU.Build.0 = Debug|Any CPU
		{9A13D326-C20D-4D91-9511-FBAAF28AC864}.Release|Any CPU.ActiveCfg = Release|Any CPU
		{9A13D326-C20D-4D91-9511-FBAAF28AC864}.Release|Any CPU.Build.0 = Release|Any CPU
	EndGlobalSection
	GlobalSection(SolutionProperties) = preSolution
		HideSolutionNode = FALSE
	EndGlobalSection
	GlobalSection(ExtensibilityGlobals) = postSolution
		SolutionGuid = {F55272F7-093A-46A9-95FA-2A5A957C2805}
	EndGlobalSection
EndGlobal
